
Microsoft Visual Studio Solution File, Format Version 12.00
# Visual Studio 15
VisualStudioVersion = 15.0.28307.136
MinimumVisualStudioVersion = 10.0.40219.1
Project("{FAE04EC0-301F-11D3-BF4B-00C04F79EFBC}") = "CleanseBlog", "CleanseBlog\CleanseBlog.csproj", "{FA03536C-8F46-466E-ABB5-69C5DE1A657B}"
EndProject
Global
	GlobalSection(SolutionConfigurationPlatforms) = preSolution
		Debug|Any CPU = Debug|Any CPU
		Release|Any CPU = Release|Any CPU
	EndGlobalSection
	GlobalSection(ProjectConfigurationPlatforms) = postSolution
		{FA03536C-8F46-466E-ABB5-69C5DE1A657B}.Debug|Any CPU.ActiveCfg = Debug|Any CPU
		{FA03536C-8F46-466E-ABB5-69C5DE1A657B}.Debug|Any CPU.Build.0 = Debug|Any CPU
		{FA03536C-8F46-466E-ABB5-69C5DE1A657B}.Release|Any CPU.ActiveCfg = Release|Any CPU
		{FA03536C-8F46-466E-ABB5-69C5DE1A657B}.Release|Any CPU.Build.0 = Release|Any CPU
	EndGlobalSection
	GlobalSection(SolutionProperties) = preSolution
		HideSolutionNode = FALSE
	EndGlobalSection
	GlobalSection(ExtensibilityGlobals) = postSolution
		SolutionGuid = {3C5A91C8-41D6-4D32-9E40-83E94845F2C7}
	EndGlobalSection
EndGlobal
